
Microsoft Visual Studio Solution File, Format Version 12.00
# Visual Studio Version 16
VisualStudioVersion = 16.0.30611.23
MinimumVisualStudioVersion = 10.0.40219.1
Project("{FAE04EC0-301F-11D3-BF4B-00C04F79EFBC}") = "MagiRogue", "MagiRogue\MagiRogue.csproj", "{07446F58-66E1-4B55-84FB-70C67E6E0BC8}"
EndProject
Global
	GlobalSection(SolutionConfigurationPlatforms) = preSolution
		Debug|Any CPU = Debug|Any CPU
		Release|Any CPU = Release|Any CPU
	EndGlobalSection
	GlobalSection(ProjectConfigurationPlatforms) = postSolution
		{07446F58-66E1-4B55-84FB-70C67E6E0BC8}.Debug|Any CPU.ActiveCfg = Debug|Any CPU
		{07446F58-66E1-4B55-84FB-70C67E6E0BC8}.Debug|Any CPU.Build.0 = Debug|Any CPU
		{07446F58-66E1-4B55-84FB-70C67E6E0BC8}.Release|Any CPU.ActiveCfg = Release|Any CPU
		{07446F58-66E1-4B55-84FB-70C67E6E0BC8}.Release|Any CPU.Build.0 = Release|Any CPU
	EndGlobalSection
	GlobalSection(SolutionProperties) = preSolution
		HideSolutionNode = FALSE
	EndGlobalSection
	GlobalSection(ExtensibilityGlobals) = postSolution
		SolutionGuid = {2FE90E55-E44A-4EF3-9614-020E1112F28A}
	EndGlobalSection
EndGlobal
