
Microsoft Visual Studio Solution File, Format Version 12.00
# Visual Studio Version 17
VisualStudioVersion = 17.3.32922.545
MinimumVisualStudioVersion = 10.0.40219.1
Project("{9A19103F-16F7-4668-BE54-9A1E7A4F7556}") = "MagiRogue", "MagiRogue\MagiRogue.csproj", "{07446F58-66E1-4B55-84FB-70C67E6E0BC8}"
EndProject
Project("{9A19103F-16F7-4668-BE54-9A1E7A4F7556}") = "MagiRogue.Test", "MagiRogue.Test\MagiRogue.Test.csproj", "{16CADFB2-73B0-4322-B266-0527B9A12B49}"
	ProjectSection(ProjectDependencies) = postProject
		{07446F58-66E1-4B55-84FB-70C67E6E0BC8} = {07446F58-66E1-4B55-84FB-70C67E6E0BC8}
	EndProjectSection
EndProject
Project("{9A19103F-16F7-4668-BE54-9A1E7A4F7556}") = "MagiRogue.LegendsConsoleViewer", "MagiRogue.LegendsConsoleViewer\MagiRogue.LegendsConsoleViewer.csproj", "{6AA2F259-2D24-4663-B56B-242700954B45}"
EndProject
Project("{2150E333-8FDC-42A3-9474-1A3956D46DE8}") = "1 - Game", "1 - Game", "{8454D3F7-7624-4B8C-BD1D-BBFF955E8251}"
EndProject
Project("{2150E333-8FDC-42A3-9474-1A3956D46DE8}") = "2 - Tools", "2 - Tools", "{6EEDFB15-2116-49D2-B091-CF68027EC580}"
EndProject
Project("{2150E333-8FDC-42A3-9474-1A3956D46DE8}") = "3 - Test", "3 - Test", "{CEC24325-48A3-475C-B109-92CA2C13C327}"
EndProject
Project("{9A19103F-16F7-4668-BE54-9A1E7A4F7556}") = "MagiRogue.Benchmarks", "MagiRogue.Benchmarks\MagiRogue.Benchmarks.csproj", "{ABB63633-6A69-4AB2-AC9B-A81B0D6D5C48}"
EndProject
Project("{2150E333-8FDC-42A3-9474-1A3956D46DE8}") = "1.2 - Engine", "1.2 - Engine", "{3CD9D6CB-0811-4B61-AE22-01682A8C1BBA}"
EndProject
Project("{2150E333-8FDC-42A3-9474-1A3956D46DE8}") = "1.3 - Render", "1.3 - Render", "{F2FC3775-ED52-48AA-A445-F047A661CDEA}"
EndProject
Project("{2150E333-8FDC-42A3-9474-1A3956D46DE8}") = "1.1 - Data", "1.1 - Data", "{D827073E-B105-43FF-B31F-562E0D027FF7}"
EndProject
Project("{9A19103F-16F7-4668-BE54-9A1E7A4F7556}") = "MagusEngine", "MagusEngine\MagusEngine.csproj", "{EAEC4804-2679-4AF4-9950-603FCD26637B}"
EndProject
Project("{9A19103F-16F7-4668-BE54-9A1E7A4F7556}") = "Diviner", "Diviner\Diviner.csproj", "{97163240-F09C-4D10-AD6C-C0B5EECA8AF3}"
EndProject
Project("{9A19103F-16F7-4668-BE54-9A1E7A4F7556}") = "Arquimedes", "Arquimedes\Arquimedes.csproj", "{080269A8-61A1-4BC4-BE3F-97783290A92A}"
EndProject
Global
	GlobalSection(SolutionConfigurationPlatforms) = preSolution
		Debug|Any CPU = Debug|Any CPU
		Release|Any CPU = Release|Any CPU
	EndGlobalSection
	GlobalSection(ProjectConfigurationPlatforms) = postSolution
		{07446F58-66E1-4B55-84FB-70C67E6E0BC8}.Debug|Any CPU.ActiveCfg = Debug|Any CPU
		{07446F58-66E1-4B55-84FB-70C67E6E0BC8}.Debug|Any CPU.Build.0 = Debug|Any CPU
		{07446F58-66E1-4B55-84FB-70C67E6E0BC8}.Release|Any CPU.ActiveCfg = Release|Any CPU
		{07446F58-66E1-4B55-84FB-70C67E6E0BC8}.Release|Any CPU.Build.0 = Release|Any CPU
		{16CADFB2-73B0-4322-B266-0527B9A12B49}.Debug|Any CPU.ActiveCfg = Debug|Any CPU
		{16CADFB2-73B0-4322-B266-0527B9A12B49}.Debug|Any CPU.Build.0 = Debug|Any CPU
		{16CADFB2-73B0-4322-B266-0527B9A12B49}.Release|Any CPU.ActiveCfg = Release|Any CPU
		{16CADFB2-73B0-4322-B266-0527B9A12B49}.Release|Any CPU.Build.0 = Release|Any CPU
		{6AA2F259-2D24-4663-B56B-242700954B45}.Debug|Any CPU.ActiveCfg = Debug|Any CPU
		{6AA2F259-2D24-4663-B56B-242700954B45}.Debug|Any CPU.Build.0 = Debug|Any CPU
		{6AA2F259-2D24-4663-B56B-242700954B45}.Release|Any CPU.ActiveCfg = Release|Any CPU
		{6AA2F259-2D24-4663-B56B-242700954B45}.Release|Any CPU.Build.0 = Release|Any CPU
		{ABB63633-6A69-4AB2-AC9B-A81B0D6D5C48}.Debug|Any CPU.ActiveCfg = Debug|Any CPU
		{ABB63633-6A69-4AB2-AC9B-A81B0D6D5C48}.Debug|Any CPU.Build.0 = Debug|Any CPU
		{ABB63633-6A69-4AB2-AC9B-A81B0D6D5C48}.Release|Any CPU.ActiveCfg = Release|Any CPU
		{ABB63633-6A69-4AB2-AC9B-A81B0D6D5C48}.Release|Any CPU.Build.0 = Release|Any CPU
		{EAEC4804-2679-4AF4-9950-603FCD26637B}.Debug|Any CPU.ActiveCfg = Debug|Any CPU
		{EAEC4804-2679-4AF4-9950-603FCD26637B}.Debug|Any CPU.Build.0 = Debug|Any CPU
		{EAEC4804-2679-4AF4-9950-603FCD26637B}.Release|Any CPU.ActiveCfg = Release|Any CPU
		{EAEC4804-2679-4AF4-9950-603FCD26637B}.Release|Any CPU.Build.0 = Release|Any CPU
		{97163240-F09C-4D10-AD6C-C0B5EECA8AF3}.Debug|Any CPU.ActiveCfg = Debug|Any CPU
		{97163240-F09C-4D10-AD6C-C0B5EECA8AF3}.Debug|Any CPU.Build.0 = Debug|Any CPU
		{97163240-F09C-4D10-AD6C-C0B5EECA8AF3}.Release|Any CPU.ActiveCfg = Release|Any CPU
		{97163240-F09C-4D10-AD6C-C0B5EECA8AF3}.Release|Any CPU.Build.0 = Release|Any CPU
		{080269A8-61A1-4BC4-BE3F-97783290A92A}.Debug|Any CPU.ActiveCfg = Debug|Any CPU
		{080269A8-61A1-4BC4-BE3F-97783290A92A}.Debug|Any CPU.Build.0 = Debug|Any CPU
		{080269A8-61A1-4BC4-BE3F-97783290A92A}.Release|Any CPU.ActiveCfg = Release|Any CPU
		{080269A8-61A1-4BC4-BE3F-97783290A92A}.Release|Any CPU.Build.0 = Release|Any CPU
	EndGlobalSection
	GlobalSection(SolutionProperties) = preSolution
		HideSolutionNode = FALSE
	EndGlobalSection
	GlobalSection(NestedProjects) = preSolution
		{07446F58-66E1-4B55-84FB-70C67E6E0BC8} = {8454D3F7-7624-4B8C-BD1D-BBFF955E8251}
		{16CADFB2-73B0-4322-B266-0527B9A12B49} = {CEC24325-48A3-475C-B109-92CA2C13C327}
		{6AA2F259-2D24-4663-B56B-242700954B45} = {6EEDFB15-2116-49D2-B091-CF68027EC580}
		{ABB63633-6A69-4AB2-AC9B-A81B0D6D5C48} = {6EEDFB15-2116-49D2-B091-CF68027EC580}
		{3CD9D6CB-0811-4B61-AE22-01682A8C1BBA} = {8454D3F7-7624-4B8C-BD1D-BBFF955E8251}
		{F2FC3775-ED52-48AA-A445-F047A661CDEA} = {8454D3F7-7624-4B8C-BD1D-BBFF955E8251}
		{D827073E-B105-43FF-B31F-562E0D027FF7} = {8454D3F7-7624-4B8C-BD1D-BBFF955E8251}
		{EAEC4804-2679-4AF4-9950-603FCD26637B} = {3CD9D6CB-0811-4B61-AE22-01682A8C1BBA}
		{97163240-F09C-4D10-AD6C-C0B5EECA8AF3} = {F2FC3775-ED52-48AA-A445-F047A661CDEA}
		{080269A8-61A1-4BC4-BE3F-97783290A92A} = {D827073E-B105-43FF-B31F-562E0D027FF7}
	EndGlobalSection
	GlobalSection(ExtensibilityGlobals) = postSolution
		SolutionGuid = {2FE90E55-E44A-4EF3-9614-020E1112F28A}
	EndGlobalSection
EndGlobal
